
Microsoft Visual Studio Solution File, Format Version 12.00
# Visual Studio Version 17
VisualStudioVersion = 17.13.35818.85 d17.13
MinimumVisualStudioVersion = 10.0.40219.1
Project("{FAE04EC0-301F-11D3-BF4B-00C04F79EFBC}") = "MantisPTZWinApp", "MantisPTZWinApp\MantisPTZWinApp.csproj", "{BFDE5D13-C0FA-44C2-8AE0-B6CDB50E4644}"
EndProject
Global
	GlobalSection(SolutionConfigurationPlatforms) = preSolution
		Debug|Any CPU = Debug|Any CPU
		Release|Any CPU = Release|Any CPU
	EndGlobalSection
	GlobalSection(ProjectConfigurationPlatforms) = postSolution
		{BFDE5D13-C0FA-44C2-8AE0-B6CDB50E4644}.Debug|Any CPU.ActiveCfg = Debug|Any CPU
		{BFDE5D13-C0FA-44C2-8AE0-B6CDB50E4644}.Debug|Any CPU.Build.0 = Debug|Any CPU
		{BFDE5D13-C0FA-44C2-8AE0-B6CDB50E4644}.Release|Any CPU.ActiveCfg = Release|Any CPU
		{BFDE5D13-C0FA-44C2-8AE0-B6CDB50E4644}.Release|Any CPU.Build.0 = Release|Any CPU
	EndGlobalSection
	GlobalSection(SolutionProperties) = preSolution
		HideSolutionNode = FALSE
	EndGlobalSection
	GlobalSection(ExtensibilityGlobals) = postSolution
		SolutionGuid = {2E036AEF-0F89-4B02-BE15-36A11E794A87}
	EndGlobalSection
EndGlobal
